
Microsoft Visual Studio Solution File, Format Version 12.00
# Visual Studio 15
VisualStudioVersion = 15.0.28307.136
MinimumVisualStudioVersion = 10.0.40219.1
Project("{FAE04EC0-301F-11D3-BF4B-00C04F79EFBC}") = "InttroducaoVisualCSharp", "InttroducaoVisualCSharp\InttroducaoVisualCSharp.csproj", "{77EA7466-530D-42BC-A18C-A786AC54242B}"
EndProject
Global
	GlobalSection(SolutionConfigurationPlatforms) = preSolution
		Debug|Any CPU = Debug|Any CPU
		Release|Any CPU = Release|Any CPU
	EndGlobalSection
	GlobalSection(ProjectConfigurationPlatforms) = postSolution
		{77EA7466-530D-42BC-A18C-A786AC54242B}.Debug|Any CPU.ActiveCfg = Debug|Any CPU
		{77EA7466-530D-42BC-A18C-A786AC54242B}.Debug|Any CPU.Build.0 = Debug|Any CPU
		{77EA7466-530D-42BC-A18C-A786AC54242B}.Release|Any CPU.ActiveCfg = Release|Any CPU
		{77EA7466-530D-42BC-A18C-A786AC54242B}.Release|Any CPU.Build.0 = Release|Any CPU
	EndGlobalSection
	GlobalSection(SolutionProperties) = preSolution
		HideSolutionNode = FALSE
	EndGlobalSection
	GlobalSection(ExtensibilityGlobals) = postSolution
		SolutionGuid = {1CA74A41-C880-4662-84C4-B02E76EE15D4}
	EndGlobalSection
EndGlobal
